
Microsoft Visual Studio Solution File, Format Version 12.00
# Visual Studio Version 17
VisualStudioVersion = 17.14.36414.22
MinimumVisualStudioVersion = 10.0.40219.1
Project("{2150E333-8FDC-42A3-9474-1A3956D46DE8}") = "src", "src", "{02EA681E-C7D8-13C7-8484-4AC65E1B71E8}"
EndProject
Project("{FAE04EC0-301F-11D3-BF4B-00C04F79EFBC}") = "RentCarServer.Domain", "src\RentCarServer.Domain\RentCarServer.Domain.csproj", "{8EFB450B-B252-4360-94EA-DDC08C493209}"
EndProject
Project("{FAE04EC0-301F-11D3-BF4B-00C04F79EFBC}") = "RentCarServer.Infrastructure", "src\RentCarServer.Infrastructure\RentCarServer.Infrastructure.csproj", "{776DBBA0-1C1C-4C99-AE98-6874194796B9}"
EndProject
Project("{FAE04EC0-301F-11D3-BF4B-00C04F79EFBC}") = "RentCarServer.Application", "src\RentCarServer.Application\RentCarServer.Application.csproj", "{991F6F3D-1251-57A7-A730-800927010029}"
EndProject
Global
	GlobalSection(SolutionConfigurationPlatforms) = preSolution
		Debug|Any CPU = Debug|Any CPU
		Release|Any CPU = Release|Any CPU
	EndGlobalSection
	GlobalSection(ProjectConfigurationPlatforms) = postSolution
		{8EFB450B-B252-4360-94EA-DDC08C493209}.Debug|Any CPU.ActiveCfg = Debug|Any CPU
		{8EFB450B-B252-4360-94EA-DDC08C493209}.Debug|Any CPU.Build.0 = Debug|Any CPU
		{8EFB450B-B252-4360-94EA-DDC08C493209}.Release|Any CPU.ActiveCfg = Release|Any CPU
		{8EFB450B-B252-4360-94EA-DDC08C493209}.Release|Any CPU.Build.0 = Release|Any CPU
		{776DBBA0-1C1C-4C99-AE98-6874194796B9}.Debug|Any CPU.ActiveCfg = Debug|Any CPU
		{776DBBA0-1C1C-4C99-AE98-6874194796B9}.Debug|Any CPU.Build.0 = Debug|Any CPU
		{776DBBA0-1C1C-4C99-AE98-6874194796B9}.Release|Any CPU.ActiveCfg = Release|Any CPU
		{776DBBA0-1C1C-4C99-AE98-6874194796B9}.Release|Any CPU.Build.0 = Release|Any CPU
		{991F6F3D-1251-57A7-A730-800927010029}.Debug|Any CPU.ActiveCfg = Debug|Any CPU
		{991F6F3D-1251-57A7-A730-800927010029}.Debug|Any CPU.Build.0 = Debug|Any CPU
		{991F6F3D-1251-57A7-A730-800927010029}.Release|Any CPU.ActiveCfg = Release|Any CPU
		{991F6F3D-1251-57A7-A730-800927010029}.Release|Any CPU.Build.0 = Release|Any CPU
	EndGlobalSection
	GlobalSection(SolutionProperties) = preSolution
		HideSolutionNode = FALSE
	EndGlobalSection
	GlobalSection(NestedProjects) = preSolution
		{8EFB450B-B252-4360-94EA-DDC08C493209} = {02EA681E-C7D8-13C7-8484-4AC65E1B71E8}
		{776DBBA0-1C1C-4C99-AE98-6874194796B9} = {02EA681E-C7D8-13C7-8484-4AC65E1B71E8}
		{991F6F3D-1251-57A7-A730-800927010029} = {02EA681E-C7D8-13C7-8484-4AC65E1B71E8}
	EndGlobalSection
	GlobalSection(ExtensibilityGlobals) = postSolution
		SolutionGuid = {11C8650B-8973-438C-B20A-555B8514DF0A}
	EndGlobalSection
EndGlobal
